// !$*UTF8*$!
{
	archiveVersion = 1;
	classes = {
	};
	objectVersion = 50;
	objects = {

/* Begin PBXBuildFile section */
		11DE38122105D54300003851 /* AppDelegate.swift in Sources */ = {isa = PBXBuildFile; fileRef = 11DE38112105D54300003851 /* AppDelegate.swift */; };
		11DE38142105D54300003851 /* ViewController.swift in Sources */ = {isa = PBXBuildFile; fileRef = 11DE38132105D54300003851 /* ViewController.swift */; };
		11DE38192105D54500003851 /* Assets.xcassets in Resources */ = {isa = PBXBuildFile; fileRef = 11DE38182105D54500003851 /* Assets.xcassets */; };
		11DE381C2105D54500003851 /* LaunchScreen.storyboard in Resources */ = {isa = PBXBuildFile; fileRef = 11DE381A2105D54500003851 /* LaunchScreen.storyboard */; };
		11DE38252105E23700003851 /* GTDAGradient.swift in Sources */ = {isa = PBXBuildFile; fileRef = 11DE38242105E23700003851 /* GTDAGradient.swift */; };
		11DE38282105EBFD00003851 /* GTDALabel.swift in Sources */ = {isa = PBXBuildFile; fileRef = 11DE38272105EBFD00003851 /* GTDALabel.swift */; };
		11DE383C2105F25900003851 /* FiraSans-ThinItalic.ttf in Resources */ = {isa = PBXBuildFile; fileRef = 11DE382A2105F25800003851 /* FiraSans-ThinItalic.ttf */; };
		11DE383D2105F25900003851 /* FiraSans-Regular.ttf in Resources */ = {isa = PBXBuildFile; fileRef = 11DE382B2105F25800003851 /* FiraSans-Regular.ttf */; };
		11DE383E2105F25900003851 /* FiraSans-SemiBoldItalic.ttf in Resources */ = {isa = PBXBuildFile; fileRef = 11DE382C2105F25800003851 /* FiraSans-SemiBoldItalic.ttf */; };
		11DE383F2105F25900003851 /* FiraSans-MediumItalic.ttf in Resources */ = {isa = PBXBuildFile; fileRef = 11DE382D2105F25800003851 /* FiraSans-MediumItalic.ttf */; };
		11DE38402105F25900003851 /* FiraSans-Black.ttf in Resources */ = {isa = PBXBuildFile; fileRef = 11DE382E2105F25800003851 /* FiraSans-Black.ttf */; };
		11DE38412105F25900003851 /* FiraSans-Bold.ttf in Resources */ = {isa = PBXBuildFile; fileRef = 11DE382F2105F25800003851 /* FiraSans-Bold.ttf */; };
		11DE38422105F25900003851 /* FiraSans-ExtraLightItalic.ttf in Resources */ = {isa = PBXBuildFile; fileRef = 11DE38302105F25800003851 /* FiraSans-ExtraLightItalic.ttf */; };
		11DE38432105F25900003851 /* FiraSans-LightItalic.ttf in Resources */ = {isa = PBXBuildFile; fileRef = 11DE38312105F25800003851 /* FiraSans-LightItalic.ttf */; };
		11DE38442105F25900003851 /* FiraSans-ExtraBold.ttf in Resources */ = {isa = PBXBuildFile; fileRef = 11DE38322105F25800003851 /* FiraSans-ExtraBold.ttf */; };
		11DE38452105F25900003851 /* FiraSans-Italic.ttf in Resources */ = {isa = PBXBuildFile; fileRef = 11DE38332105F25800003851 /* FiraSans-Italic.ttf */; };
		11DE38462105F25900003851 /* FiraSans-Medium.ttf in Resources */ = {isa = PBXBuildFile; fileRef = 11DE38342105F25800003851 /* FiraSans-Medium.ttf */; };
		11DE38472105F25900003851 /* FiraSans-ExtraLight.ttf in Resources */ = {isa = PBXBuildFile; fileRef = 11DE38352105F25800003851 /* FiraSans-ExtraLight.ttf */; };
		11DE38482105F25900003851 /* FiraSans-ExtraBoldItalic.ttf in Resources */ = {isa = PBXBuildFile; fileRef = 11DE38362105F25800003851 /* FiraSans-ExtraBoldItalic.ttf */; };
		11DE38492105F25900003851 /* FiraSans-BoldItalic.ttf in Resources */ = {isa = PBXBuildFile; fileRef = 11DE38372105F25800003851 /* FiraSans-BoldItalic.ttf */; };
		11DE384A2105F25900003851 /* FiraSans-SemiBold.ttf in Resources */ = {isa = PBXBuildFile; fileRef = 11DE38382105F25900003851 /* FiraSans-SemiBold.ttf */; };
		11DE384B2105F25900003851 /* FiraSans-Light.ttf in Resources */ = {isa = PBXBuildFile; fileRef = 11DE38392105F25900003851 /* FiraSans-Light.ttf */; };
		11DE384C2105F25900003851 /* FiraSans-BlackItalic.ttf in Resources */ = {isa = PBXBuildFile; fileRef = 11DE383A2105F25900003851 /* FiraSans-BlackItalic.ttf */; };
		11DE384D2105F25900003851 /* FiraSans-Thin.ttf in Resources */ = {isa = PBXBuildFile; fileRef = 11DE383B2105F25900003851 /* FiraSans-Thin.ttf */; };
		11DE384F210607C900003851 /* GTDAButton.swift in Sources */ = {isa = PBXBuildFile; fileRef = 11DE384E210607C900003851 /* GTDAButton.swift */; };
/* End PBXBuildFile section */

/* Begin PBXFileReference section */
		11DE380E2105D54300003851 /* GetThisDoneApp.app */ = {isa = PBXFileReference; explicitFileType = wrapper.application; includeInIndex = 0; path = GetThisDoneApp.app; sourceTree = BUILT_PRODUCTS_DIR; };
		11DE38112105D54300003851 /* AppDelegate.swift */ = {isa = PBXFileReference; lastKnownFileType = sourcecode.swift; path = AppDelegate.swift; sourceTree = "<group>"; };
		11DE38132105D54300003851 /* ViewController.swift */ = {isa = PBXFileReference; lastKnownFileType = sourcecode.swift; path = ViewController.swift; sourceTree = "<group>"; };
		11DE38182105D54500003851 /* Assets.xcassets */ = {isa = PBXFileReference; lastKnownFileType = folder.assetcatalog; path = Assets.xcassets; sourceTree = "<group>"; };
		11DE381B2105D54500003851 /* Base */ = {isa = PBXFileReference; lastKnownFileType = file.storyboard; name = Base; path = Base.lproj/LaunchScreen.storyboard; sourceTree = "<group>"; };
		11DE381D2105D54500003851 /* Info.plist */ = {isa = PBXFileReference; lastKnownFileType = text.plist.xml; path = Info.plist; sourceTree = "<group>"; };
		11DE38232105D64B00003851 /* README.md */ = {isa = PBXFileReference; lastKnownFileType = net.daringfireball.markdown; path = README.md; sourceTree = "<group>"; };
		11DE38242105E23700003851 /* GTDAGradient.swift */ = {isa = PBXFileReference; lastKnownFileType = sourcecode.swift; path = GTDAGradient.swift; sourceTree = "<group>"; };
		11DE38272105EBFD00003851 /* GTDALabel.swift */ = {isa = PBXFileReference; lastKnownFileType = sourcecode.swift; path = GTDALabel.swift; sourceTree = "<group>"; };
		11DE382A2105F25800003851 /* FiraSans-ThinItalic.ttf */ = {isa = PBXFileReference; lastKnownFileType = file; path = "FiraSans-ThinItalic.ttf"; sourceTree = "<group>"; };
		11DE382B2105F25800003851 /* FiraSans-Regular.ttf */ = {isa = PBXFileReference; lastKnownFileType = file; path = "FiraSans-Regular.ttf"; sourceTree = "<group>"; };
		11DE382C2105F25800003851 /* FiraSans-SemiBoldItalic.ttf */ = {isa = PBXFileReference; lastKnownFileType = file; path = "FiraSans-SemiBoldItalic.ttf"; sourceTree = "<group>"; };
		11DE382D2105F25800003851 /* FiraSans-MediumItalic.ttf */ = {isa = PBXFileReference; lastKnownFileType = file; path = "FiraSans-MediumItalic.ttf"; sourceTree = "<group>"; };
		11DE382E2105F25800003851 /* FiraSans-Black.ttf */ = {isa = PBXFileReference; lastKnownFileType = file; path = "FiraSans-Black.ttf"; sourceTree = "<group>"; };
		11DE382F2105F25800003851 /* FiraSans-Bold.ttf */ = {isa = PBXFileReference; lastKnownFileType = file; path = "FiraSans-Bold.ttf"; sourceTree = "<group>"; };
		11DE38302105F25800003851 /* FiraSans-ExtraLightItalic.ttf */ = {isa = PBXFileReference; lastKnownFileType = file; path = "FiraSans-ExtraLightItalic.ttf"; sourceTree = "<group>"; };
		11DE38312105F25800003851 /* FiraSans-LightItalic.ttf */ = {isa = PBXFileReference; lastKnownFileType = file; path = "FiraSans-LightItalic.ttf"; sourceTree = "<group>"; };
		11DE38322105F25800003851 /* FiraSans-ExtraBold.ttf */ = {isa = PBXFileReference; lastKnownFileType = file; path = "FiraSans-ExtraBold.ttf"; sourceTree = "<group>"; };
		11DE38332105F25800003851 /* FiraSans-Italic.ttf */ = {isa = PBXFileReference; lastKnownFileType = file; path = "FiraSans-Italic.ttf"; sourceTree = "<group>"; };
		11DE38342105F25800003851 /* FiraSans-Medium.ttf */ = {isa = PBXFileReference; lastKnownFileType = file; path = "FiraSans-Medium.ttf"; sourceTree = "<group>"; };
		11DE38352105F25800003851 /* FiraSans-ExtraLight.ttf */ = {isa = PBXFileReference; lastKnownFileType = file; path = "FiraSans-ExtraLight.ttf"; sourceTree = "<group>"; };
		11DE38362105F25800003851 /* FiraSans-ExtraBoldItalic.ttf */ = {isa = PBXFileReference; lastKnownFileType = file; path = "FiraSans-ExtraBoldItalic.ttf"; sourceTree = "<group>"; };
		11DE38372105F25800003851 /* FiraSans-BoldItalic.ttf */ = {isa = PBXFileReference; lastKnownFileType = file; path = "FiraSans-BoldItalic.ttf"; sourceTree = "<group>"; };
		11DE38382105F25900003851 /* FiraSans-SemiBold.ttf */ = {isa = PBXFileReference; lastKnownFileType = file; path = "FiraSans-SemiBold.ttf"; sourceTree = "<group>"; };
		11DE38392105F25900003851 /* FiraSans-Light.ttf */ = {isa = PBXFileReference; lastKnownFileType = file; path = "FiraSans-Light.ttf"; sourceTree = "<group>"; };
		11DE383A2105F25900003851 /* FiraSans-BlackItalic.ttf */ = {isa = PBXFileReference; lastKnownFileType = file; path = "FiraSans-BlackItalic.ttf"; sourceTree = "<group>"; };
		11DE383B2105F25900003851 /* FiraSans-Thin.ttf */ = {isa = PBXFileReference; lastKnownFileType = file; path = "FiraSans-Thin.ttf"; sourceTree = "<group>"; };
		11DE384E210607C900003851 /* GTDAButton.swift */ = {isa = PBXFileReference; lastKnownFileType = sourcecode.swift; path = GTDAButton.swift; sourceTree = "<group>"; };
/* End PBXFileReference section */

/* Begin PBXFrameworksBuildPhase section */
		11DE380B2105D54300003851 /* Frameworks */ = {
			isa = PBXFrameworksBuildPhase;
			buildActionMask = 2147483647;
			files = (
			);
			runOnlyForDeploymentPostprocessing = 0;
		};
/* End PBXFrameworksBuildPhase section */

/* Begin PBXGroup section */
		11DE38052105D54300003851 = {
			isa = PBXGroup;
			children = (
				11DE38232105D64B00003851 /* README.md */,
				11DE38102105D54300003851 /* GetThisDoneApp */,
				11DE380F2105D54300003851 /* Products */,
			);
			sourceTree = "<group>";
		};
		11DE380F2105D54300003851 /* Products */ = {
			isa = PBXGroup;
			children = (
				11DE380E2105D54300003851 /* GetThisDoneApp.app */,
			);
			name = Products;
			sourceTree = "<group>";
		};
		11DE38102105D54300003851 /* GetThisDoneApp */ = {
			isa = PBXGroup;
			children = (
				11DE38262105EBE200003851 /* CustomUI */,
				11DE38112105D54300003851 /* AppDelegate.swift */,
				11DE38132105D54300003851 /* ViewController.swift */,
				11DE38182105D54500003851 /* Assets.xcassets */,
				11DE381A2105D54500003851 /* LaunchScreen.storyboard */,
				11DE381D2105D54500003851 /* Info.plist */,
				11DE38292105F21900003851 /* Fonts */,
			);
			path = GetThisDoneApp;
			sourceTree = "<group>";
		};
		11DE38262105EBE200003851 /* CustomUI */ = {
			isa = PBXGroup;
			children = (
				11DE38242105E23700003851 /* GTDAGradient.swift */,
				11DE38272105EBFD00003851 /* GTDALabel.swift */,
				11DE384E210607C900003851 /* GTDAButton.swift */,
			);
			path = CustomUI;
			sourceTree = "<group>";
		};
		11DE38292105F21900003851 /* Fonts */ = {
			isa = PBXGroup;
			children = (
				11DE382E2105F25800003851 /* FiraSans-Black.ttf */,
				11DE383A2105F25900003851 /* FiraSans-BlackItalic.ttf */,
				11DE382F2105F25800003851 /* FiraSans-Bold.ttf */,
				11DE38372105F25800003851 /* FiraSans-BoldItalic.ttf */,
				11DE38322105F25800003851 /* FiraSans-ExtraBold.ttf */,
				11DE38362105F25800003851 /* FiraSans-ExtraBoldItalic.ttf */,
				11DE38352105F25800003851 /* FiraSans-ExtraLight.ttf */,
				11DE38302105F25800003851 /* FiraSans-ExtraLightItalic.ttf */,
				11DE38332105F25800003851 /* FiraSans-Italic.ttf */,
				11DE38392105F25900003851 /* FiraSans-Light.ttf */,
				11DE38312105F25800003851 /* FiraSans-LightItalic.ttf */,
				11DE38342105F25800003851 /* FiraSans-Medium.ttf */,
				11DE382D2105F25800003851 /* FiraSans-MediumItalic.ttf */,
				11DE382B2105F25800003851 /* FiraSans-Regular.ttf */,
				11DE38382105F25900003851 /* FiraSans-SemiBold.ttf */,
				11DE382C2105F25800003851 /* FiraSans-SemiBoldItalic.ttf */,
				11DE383B2105F25900003851 /* FiraSans-Thin.ttf */,
				11DE382A2105F25800003851 /* FiraSans-ThinItalic.ttf */,
			);
			path = Fonts;
			sourceTree = "<group>";
		};
/* End PBXGroup section */

/* Begin PBXNativeTarget section */
		11DE380D2105D54300003851 /* GetThisDoneApp */ = {
			isa = PBXNativeTarget;
			buildConfigurationList = 11DE38202105D54500003851 /* Build configuration list for PBXNativeTarget "GetThisDoneApp" */;
			buildPhases = (
				11DE380A2105D54300003851 /* Sources */,
				11DE380B2105D54300003851 /* Frameworks */,
				11DE380C2105D54300003851 /* Resources */,
			);
			buildRules = (
			);
			dependencies = (
			);
			name = GetThisDoneApp;
			productName = GetThisDoneApp;
			productReference = 11DE380E2105D54300003851 /* GetThisDoneApp.app */;
			productType = "com.apple.product-type.application";
		};
/* End PBXNativeTarget section */

/* Begin PBXProject section */
		11DE38062105D54300003851 /* Project object */ = {
			isa = PBXProject;
			attributes = {
				LastSwiftUpdateCheck = 0940;
				LastUpgradeCheck = 0940;
				ORGANIZATIONNAME = "Daniel Aditya Istyana";
				TargetAttributes = {
					11DE380D2105D54300003851 = {
						CreatedOnToolsVersion = 9.4.1;
					};
				};
			};
			buildConfigurationList = 11DE38092105D54300003851 /* Build configuration list for PBXProject "GetThisDoneApp" */;
			compatibilityVersion = "Xcode 9.3";
			developmentRegion = en;
			hasScannedForEncodings = 0;
			knownRegions = (
				en,
				Base,
			);
			mainGroup = 11DE38052105D54300003851;
			productRefGroup = 11DE380F2105D54300003851 /* Products */;
			projectDirPath = "";
			projectRoot = "";
			targets = (
				11DE380D2105D54300003851 /* GetThisDoneApp */,
			);
		};
/* End PBXProject section */

/* Begin PBXResourcesBuildPhase section */
		11DE380C2105D54300003851 /* Resources */ = {
			isa = PBXResourcesBuildPhase;
			buildActionMask = 2147483647;
			files = (
				11DE384B2105F25900003851 /* FiraSans-Light.ttf in Resources */,
				11DE38462105F25900003851 /* FiraSans-Medium.ttf in Resources */,
				11DE38472105F25900003851 /* FiraSans-ExtraLight.ttf in Resources */,
				11DE381C2105D54500003851 /* LaunchScreen.storyboard in Resources */,
				11DE383E2105F25900003851 /* FiraSans-SemiBoldItalic.ttf in Resources */,
				11DE38412105F25900003851 /* FiraSans-Bold.ttf in Resources */,
				11DE384C2105F25900003851 /* FiraSans-BlackItalic.ttf in Resources */,
				11DE38482105F25900003851 /* FiraSans-ExtraBoldItalic.ttf in Resources */,
				11DE384D2105F25900003851 /* FiraSans-Thin.ttf in Resources */,
				11DE38192105D54500003851 /* Assets.xcassets in Resources */,
				11DE383D2105F25900003851 /* FiraSans-Regular.ttf in Resources */,
				11DE383F2105F25900003851 /* FiraSans-MediumItalic.ttf in Resources */,
				11DE383C2105F25900003851 /* FiraSans-ThinItalic.ttf in Resources */,
				11DE38422105F25900003851 /* FiraSans-ExtraLightItalic.ttf in Resources */,
				11DE38432105F25900003851 /* FiraSans-LightItalic.ttf in Resources */,
				11DE38452105F25900003851 /* FiraSans-Italic.ttf in Resources */,
				11DE38402105F25900003851 /* FiraSans-Black.ttf in Resources */,
				11DE384A2105F25900003851 /* FiraSans-SemiBold.ttf in Resources */,
				11DE38492105F25900003851 /* FiraSans-BoldItalic.ttf in Resources */,
				11DE38442105F25900003851 /* FiraSans-ExtraBold.ttf in Resources */,
			);
			runOnlyForDeploymentPostprocessing = 0;
		};
/* End PBXResourcesBuildPhase section */

/* Begin PBXSourcesBuildPhase section */
		11DE380A2105D54300003851 /* Sources */ = {
			isa = PBXSourcesBuildPhase;
			buildActionMask = 2147483647;
			files = (
				11DE38142105D54300003851 /* ViewController.swift in Sources */,
				11DE384F210607C900003851 /* GTDAButton.swift in Sources */,
				11DE38252105E23700003851 /* GTDAGradient.swift in Sources */,
				11DE38282105EBFD00003851 /* GTDALabel.swift in Sources */,
				11DE38122105D54300003851 /* AppDelegate.swift in Sources */,
			);
			runOnlyForDeploymentPostprocessing = 0;
		};
/* End PBXSourcesBuildPhase section */

/* Begin PBXVariantGroup section */
		11DE381A2105D54500003851 /* LaunchScreen.storyboard */ = {
			isa = PBXVariantGroup;
			children = (
				11DE381B2105D54500003851 /* Base */,
			);
			name = LaunchScreen.storyboard;
			sourceTree = "<group>";
		};
/* End PBXVariantGroup section */

/* Begin XCBuildConfiguration section */
		11DE381E2105D54500003851 /* Debug */ = {
			isa = XCBuildConfiguration;
			buildSettings = {
				ALWAYS_SEARCH_USER_PATHS = NO;
				CLANG_ANALYZER_NONNULL = YES;
				CLANG_ANALYZER_NUMBER_OBJECT_CONVERSION = YES_AGGRESSIVE;
				CLANG_CXX_LANGUAGE_STANDARD = "gnu++14";
				CLANG_CXX_LIBRARY = "libc++";
				CLANG_ENABLE_MODULES = YES;
				CLANG_ENABLE_OBJC_ARC = YES;
				CLANG_ENABLE_OBJC_WEAK = YES;
				CLANG_WARN_BLOCK_CAPTURE_AUTORELEASING = YES;
				CLANG_WARN_BOOL_CONVERSION = YES;
				CLANG_WARN_COMMA = YES;
				CLANG_WARN_CONSTANT_CONVERSION = YES;
				CLANG_WARN_DEPRECATED_OBJC_IMPLEMENTATIONS = YES;
				CLANG_WARN_DIRECT_OBJC_ISA_USAGE = YES_ERROR;
				CLANG_WARN_DOCUMENTATION_COMMENTS = YES;
				CLANG_WARN_EMPTY_BODY = YES;
				CLANG_WARN_ENUM_CONVERSION = YES;
				CLANG_WARN_INFINITE_RECURSION = YES;
				CLANG_WARN_INT_CONVERSION = YES;
				CLANG_WARN_NON_LITERAL_NULL_CONVERSION = YES;
				CLANG_WARN_OBJC_IMPLICIT_RETAIN_SELF = YES;
				CLANG_WARN_OBJC_LITERAL_CONVERSION = YES;
				CLANG_WARN_OBJC_ROOT_CLASS = YES_ERROR;
				CLANG_WARN_RANGE_LOOP_ANALYSIS = YES;
				CLANG_WARN_STRICT_PROTOTYPES = YES;
				CLANG_WARN_SUSPICIOUS_MOVE = YES;
				CLANG_WARN_UNGUARDED_AVAILABILITY = YES_AGGRESSIVE;
				CLANG_WARN_UNREACHABLE_CODE = YES;
				CLANG_WARN__DUPLICATE_METHOD_MATCH = YES;
				CODE_SIGN_IDENTITY = "iPhone Developer";
				COPY_PHASE_STRIP = NO;
				DEBUG_INFORMATION_FORMAT = dwarf;
				ENABLE_STRICT_OBJC_MSGSEND = YES;
				ENABLE_TESTABILITY = YES;
				GCC_C_LANGUAGE_STANDARD = gnu11;
				GCC_DYNAMIC_NO_PIC = NO;
				GCC_NO_COMMON_BLOCKS = YES;
				GCC_OPTIMIZATION_LEVEL = 0;
				GCC_PREPROCESSOR_DEFINITIONS = (
					"DEBUG=1",
					"$(inherited)",
				);
				GCC_WARN_64_TO_32_BIT_CONVERSION = YES;
				GCC_WARN_ABOUT_RETURN_TYPE = YES_ERROR;
				GCC_WARN_UNDECLARED_SELECTOR = YES;
				GCC_WARN_UNINITIALIZED_AUTOS = YES_AGGRESSIVE;
				GCC_WARN_UNUSED_FUNCTION = YES;
				GCC_WARN_UNUSED_VARIABLE = YES;
				IPHONEOS_DEPLOYMENT_TARGET = 11.4;
				MTL_ENABLE_DEBUG_INFO = YES;
				ONLY_ACTIVE_ARCH = YES;
				SDKROOT = iphoneos;
				SWIFT_ACTIVE_COMPILATION_CONDITIONS = DEBUG;
				SWIFT_OPTIMIZATION_LEVEL = "-Onone";
			};
			name = Debug;
		};
		11DE381F2105D54500003851 /* Release */ = {
			isa = XCBuildConfiguration;
			buildSettings = {
				ALWAYS_SEARCH_USER_PATHS = NO;
				CLANG_ANALYZER_NONNULL = YES;
				CLANG_ANALYZER_NUMBER_OBJECT_CONVERSION = YES_AGGRESSIVE;
				CLANG_CXX_LANGUAGE_STANDARD = "gnu++14";
				CLANG_CXX_LIBRARY = "libc++";
				CLANG_ENABLE_MODULES = YES;
				CLANG_ENABLE_OBJC_ARC = YES;
				CLANG_ENABLE_OBJC_WEAK = YES;
				CLANG_WARN_BLOCK_CAPTURE_AUTORELEASING = YES;
				CLANG_WARN_BOOL_CONVERSION = YES;
				CLANG_WARN_COMMA = YES;
				CLANG_WARN_CONSTANT_CONVERSION = YES;
				CLANG_WARN_DEPRECATED_OBJC_IMPLEMENTATIONS = YES;
				CLANG_WARN_DIRECT_OBJC_ISA_USAGE = YES_ERROR;
				CLANG_WARN_DOCUMENTATION_COMMENTS = YES;
				CLANG_WARN_EMPTY_BODY = YES;
				CLANG_WARN_ENUM_CONVERSION = YES;
				CLANG_WARN_INFINITE_RECURSION = YES;
				CLANG_WARN_INT_CONVERSION = YES;
				CLANG_WARN_NON_LITERAL_NULL_CONVERSION = YES;
				CLANG_WARN_OBJC_IMPLICIT_RETAIN_SELF = YES;
				CLANG_WARN_OBJC_LITERAL_CONVERSION = YES;
				CLANG_WARN_OBJC_ROOT_CLASS = YES_ERROR;
				CLANG_WARN_RANGE_LOOP_ANALYSIS = YES;
				CLANG_WARN_STRICT_PROTOTYPES = YES;
				CLANG_WARN_SUSPICIOUS_MOVE = YES;
				CLANG_WARN_UNGUARDED_AVAILABILITY = YES_AGGRESSIVE;
				CLANG_WARN_UNREACHABLE_CODE = YES;
				CLANG_WARN__DUPLICATE_METHOD_MATCH = YES;
				CODE_SIGN_IDENTITY = "iPhone Developer";
				COPY_PHASE_STRIP = NO;
				DEBUG_INFORMATION_FORMAT = "dwarf-with-dsym";
				ENABLE_NS_ASSERTIONS = NO;
				ENABLE_STRICT_OBJC_MSGSEND = YES;
				GCC_C_LANGUAGE_STANDARD = gnu11;
				GCC_NO_COMMON_BLOCKS = YES;
				GCC_WARN_64_TO_32_BIT_CONVERSION = YES;
				GCC_WARN_ABOUT_RETURN_TYPE = YES_ERROR;
				GCC_WARN_UNDECLARED_SELECTOR = YES;
				GCC_WARN_UNINITIALIZED_AUTOS = YES_AGGRESSIVE;
				GCC_WARN_UNUSED_FUNCTION = YES;
				GCC_WARN_UNUSED_VARIABLE = YES;
				IPHONEOS_DEPLOYMENT_TARGET = 11.4;
				MTL_ENABLE_DEBUG_INFO = NO;
				SDKROOT = iphoneos;
				SWIFT_COMPILATION_MODE = wholemodule;
				SWIFT_OPTIMIZATION_LEVEL = "-O";
				VALIDATE_PRODUCT = YES;
			};
			name = Release;
		};
		11DE38212105D54500003851 /* Debug */ = {
			isa = XCBuildConfiguration;
			buildSettings = {
				ASSETCATALOG_COMPILER_APPICON_NAME = AppIcon;
				CODE_SIGN_STYLE = Automatic;
				INFOPLIST_FILE = GetThisDoneApp/Info.plist;
				LD_RUNPATH_SEARCH_PATHS = (
					"$(inherited)",
					"@executable_path/Frameworks",
				);
				PRODUCT_BUNDLE_IDENTIFIER = com.adityadaniel.GetThisDoneApp;
				PRODUCT_NAME = "$(TARGET_NAME)";
				SWIFT_VERSION = 4.0;
				TARGETED_DEVICE_FAMILY = "1,2";
			};
			name = Debug;
		};
		11DE38222105D54500003851 /* Release */ = {
			isa = XCBuildConfiguration;
			buildSettings = {
				ASSETCATALOG_COMPILER_APPICON_NAME = AppIcon;
				CODE_SIGN_STYLE = Automatic;
				INFOPLIST_FILE = GetThisDoneApp/Info.plist;
				LD_RUNPATH_SEARCH_PATHS = (
					"$(inherited)",
					"@executable_path/Frameworks",
				);
				PRODUCT_BUNDLE_IDENTIFIER = com.adityadaniel.GetThisDoneApp;
				PRODUCT_NAME = "$(TARGET_NAME)";
				SWIFT_VERSION = 4.0;
				TARGETED_DEVICE_FAMILY = "1,2";
			};
			name = Release;
		};
/* End XCBuildConfiguration section */

/* Begin XCConfigurationList section */
		11DE38092105D54300003851 /* Build configuration list for PBXProject "GetThisDoneApp" */ = {
			isa = XCConfigurationList;
			buildConfigurations = (
				11DE381E2105D54500003851 /* Debug */,
				11DE381F2105D54500003851 /* Release */,
			);
			defaultConfigurationIsVisible = 0;
			defaultConfigurationName = Release;
		};
		11DE38202105D54500003851 /* Build configuration list for PBXNativeTarget "GetThisDoneApp" */ = {
			isa = XCConfigurationList;
			buildConfigurations = (
				11DE38212105D54500003851 /* Debug */,
				11DE38222105D54500003851 /* Release */,
			);
			defaultConfigurationIsVisible = 0;
			defaultConfigurationName = Release;
		};
/* End XCConfigurationList section */
	};
	rootObject = 11DE38062105D54300003851 /* Project object */;
}
